
Microsoft Visual Studio Solution File, Format Version 12.00
Project("{FAE04EC0-301F-11D3-BF4B-00C04F79EFBC}") = "SharedMentalHealth", "SharedMentalHealth\SharedMentalHealth\SharedMentalHealth.csproj", "{0E53C2BE-9195-49F3-B254-83E9454C883E}"
EndProject
Project("{FAE04EC0-301F-11D3-BF4B-00C04F79EFBC}") = "SharedMentalHealth.Android", "SharedMentalHealth\SharedMentalHealth.Android\SharedMentalHealth.Android.csproj", "{0BCC51F7-1722-4066-843E-B13DC5C1F20D}"
EndProject
Project("{FAE04EC0-301F-11D3-BF4B-00C04F79EFBC}") = "SharedMentalHealth.iOS", "SharedMentalHealth\SharedMentalHealth.iOS\SharedMentalHealth.iOS.csproj", "{45901285-80F5-4AC3-A221-648840B3BDE6}"
EndProject
Project("{FAE04EC0-301F-11D3-BF4B-00C04F79EFBC}") = "SMH_UI_Test", "SMH_UI_Test\SMH_UI_Test.csproj", "{73205056-C90C-4DBD-8C37-40DDE87BC6FF}"
EndProject
Global
	GlobalSection(SolutionConfigurationPlatforms) = preSolution
		Debug|Any CPU = Debug|Any CPU
		Release|Any CPU = Release|Any CPU
	EndGlobalSection
	GlobalSection(ProjectConfigurationPlatforms) = postSolution
		{0E53C2BE-9195-49F3-B254-83E9454C883E}.Debug|Any CPU.ActiveCfg = Debug|Any CPU
		{0E53C2BE-9195-49F3-B254-83E9454C883E}.Debug|Any CPU.Build.0 = Debug|Any CPU
		{0E53C2BE-9195-49F3-B254-83E9454C883E}.Release|Any CPU.ActiveCfg = Release|Any CPU
		{0E53C2BE-9195-49F3-B254-83E9454C883E}.Release|Any CPU.Build.0 = Release|Any CPU
		{0BCC51F7-1722-4066-843E-B13DC5C1F20D}.Debug|Any CPU.ActiveCfg = Debug|Any CPU
		{0BCC51F7-1722-4066-843E-B13DC5C1F20D}.Debug|Any CPU.Build.0 = Debug|Any CPU
		{0BCC51F7-1722-4066-843E-B13DC5C1F20D}.Release|Any CPU.ActiveCfg = Release|Any CPU
		{0BCC51F7-1722-4066-843E-B13DC5C1F20D}.Release|Any CPU.Build.0 = Release|Any CPU
		{45901285-80F5-4AC3-A221-648840B3BDE6}.Debug|Any CPU.ActiveCfg = Debug|iPhoneSimulator
		{45901285-80F5-4AC3-A221-648840B3BDE6}.Debug|Any CPU.Build.0 = Debug|iPhoneSimulator
		{45901285-80F5-4AC3-A221-648840B3BDE6}.Release|Any CPU.ActiveCfg = Release|iPhoneSimulator
		{45901285-80F5-4AC3-A221-648840B3BDE6}.Release|Any CPU.Build.0 = Release|iPhoneSimulator
		{73205056-C90C-4DBD-8C37-40DDE87BC6FF}.Debug|Any CPU.ActiveCfg = Debug|Any CPU
		{73205056-C90C-4DBD-8C37-40DDE87BC6FF}.Debug|Any CPU.Build.0 = Debug|Any CPU
		{73205056-C90C-4DBD-8C37-40DDE87BC6FF}.Release|Any CPU.ActiveCfg = Release|Any CPU
		{73205056-C90C-4DBD-8C37-40DDE87BC6FF}.Release|Any CPU.Build.0 = Release|Any CPU
	EndGlobalSection
EndGlobal
